
Microsoft Visual Studio Solution File, Format Version 12.00
# Visual Studio Version 17
VisualStudioVersion = 17.3.32811.315
MinimumVisualStudioVersion = 10.0.40219.1
Project("{FAE04EC0-301F-11D3-BF4B-00C04F79EFBC}") = "razrediVaje", "razrediVaje.csproj", "{82929DA9-7701-4CAB-85C0-019B18F9B68C}"
EndProject
Global
	GlobalSection(SolutionConfigurationPlatforms) = preSolution
		Debug|Any CPU = Debug|Any CPU
		Release|Any CPU = Release|Any CPU
	EndGlobalSection
	GlobalSection(ProjectConfigurationPlatforms) = postSolution
		{82929DA9-7701-4CAB-85C0-019B18F9B68C}.Debug|Any CPU.ActiveCfg = Debug|Any CPU
		{82929DA9-7701-4CAB-85C0-019B18F9B68C}.Debug|Any CPU.Build.0 = Debug|Any CPU
		{82929DA9-7701-4CAB-85C0-019B18F9B68C}.Release|Any CPU.ActiveCfg = Release|Any CPU
		{82929DA9-7701-4CAB-85C0-019B18F9B68C}.Release|Any CPU.Build.0 = Release|Any CPU
	EndGlobalSection
	GlobalSection(SolutionProperties) = preSolution
		HideSolutionNode = FALSE
	EndGlobalSection
	GlobalSection(ExtensibilityGlobals) = postSolution
		SolutionGuid = {A2F444D6-2692-40A1-8FF4-855C92BBFA7D}
	EndGlobalSection
EndGlobal
