
Microsoft Visual Studio Solution File, Format Version 12.00
# Visual Studio Version 17
VisualStudioVersion = 17.3.32811.315
MinimumVisualStudioVersion = 10.0.40219.1
Project("{FAE04EC0-301F-11D3-BF4B-00C04F79EFBC}") = "minolovec", "minolovec.csproj", "{290183F4-30EC-409B-AFE5-C62C3AB1A3AE}"
EndProject
Global
	GlobalSection(SolutionConfigurationPlatforms) = preSolution
		Debug|Any CPU = Debug|Any CPU
		Release|Any CPU = Release|Any CPU
	EndGlobalSection
	GlobalSection(ProjectConfigurationPlatforms) = postSolution
		{290183F4-30EC-409B-AFE5-C62C3AB1A3AE}.Debug|Any CPU.ActiveCfg = Debug|Any CPU
		{290183F4-30EC-409B-AFE5-C62C3AB1A3AE}.Debug|Any CPU.Build.0 = Debug|Any CPU
		{290183F4-30EC-409B-AFE5-C62C3AB1A3AE}.Release|Any CPU.ActiveCfg = Release|Any CPU
		{290183F4-30EC-409B-AFE5-C62C3AB1A3AE}.Release|Any CPU.Build.0 = Release|Any CPU
	EndGlobalSection
	GlobalSection(SolutionProperties) = preSolution
		HideSolutionNode = FALSE
	EndGlobalSection
	GlobalSection(ExtensibilityGlobals) = postSolution
		SolutionGuid = {823B5BB3-36F9-4A4C-B4D3-787F6982263A}
	EndGlobalSection
EndGlobal
