
Microsoft Visual Studio Solution File, Format Version 12.00
# Visual Studio Version 17
VisualStudioVersion = 17.3.32811.315
MinimumVisualStudioVersion = 10.0.40219.1
Project("{FAE04EC0-301F-11D3-BF4B-00C04F79EFBC}") = "WpfApp1", "WpfApp1.csproj", "{87CBCA7F-7D72-4F0D-9FD9-5BA36E7A7516}"
EndProject
Global
	GlobalSection(SolutionConfigurationPlatforms) = preSolution
		Debug|Any CPU = Debug|Any CPU
		Release|Any CPU = Release|Any CPU
	EndGlobalSection
	GlobalSection(ProjectConfigurationPlatforms) = postSolution
		{87CBCA7F-7D72-4F0D-9FD9-5BA36E7A7516}.Debug|Any CPU.ActiveCfg = Debug|Any CPU
		{87CBCA7F-7D72-4F0D-9FD9-5BA36E7A7516}.Debug|Any CPU.Build.0 = Debug|Any CPU
		{87CBCA7F-7D72-4F0D-9FD9-5BA36E7A7516}.Release|Any CPU.ActiveCfg = Release|Any CPU
		{87CBCA7F-7D72-4F0D-9FD9-5BA36E7A7516}.Release|Any CPU.Build.0 = Release|Any CPU
	EndGlobalSection
	GlobalSection(SolutionProperties) = preSolution
		HideSolutionNode = FALSE
	EndGlobalSection
	GlobalSection(ExtensibilityGlobals) = postSolution
		SolutionGuid = {6A60041B-AD7B-42B9-8D5F-D36B3AF28202}
	EndGlobalSection
EndGlobal
