
Microsoft Visual Studio Solution File, Format Version 12.00
# Visual Studio Version 17
VisualStudioVersion = 17.3.32811.315
MinimumVisualStudioVersion = 10.0.40219.1
Project("{FAE04EC0-301F-11D3-BF4B-00C04F79EFBC}") = "SprehodPoHiši", "SprehodPoHiši.csproj", "{B7DA5702-F53A-470F-B2A5-534EC1668E24}"
EndProject
Global
	GlobalSection(SolutionConfigurationPlatforms) = preSolution
		Debug|Any CPU = Debug|Any CPU
		Release|Any CPU = Release|Any CPU
	EndGlobalSection
	GlobalSection(ProjectConfigurationPlatforms) = postSolution
		{B7DA5702-F53A-470F-B2A5-534EC1668E24}.Debug|Any CPU.ActiveCfg = Debug|Any CPU
		{B7DA5702-F53A-470F-B2A5-534EC1668E24}.Debug|Any CPU.Build.0 = Debug|Any CPU
		{B7DA5702-F53A-470F-B2A5-534EC1668E24}.Release|Any CPU.ActiveCfg = Release|Any CPU
		{B7DA5702-F53A-470F-B2A5-534EC1668E24}.Release|Any CPU.Build.0 = Release|Any CPU
	EndGlobalSection
	GlobalSection(SolutionProperties) = preSolution
		HideSolutionNode = FALSE
	EndGlobalSection
	GlobalSection(ExtensibilityGlobals) = postSolution
		SolutionGuid = {E982A0CC-D739-41B0-BCA2-C3C1D5507AD8}
	EndGlobalSection
EndGlobal
